{
  "plugin_type": "orchestrators",
  "name": "airflow",
  "namespace": "airflow",
  "variant": "apache",
  "label": "Airflow",
  "docs": "https://docs.meltano.com/guide/orchestration",
  "repo": "https://github.com/apache/airflow",
  "pip_url": "apache-airflow==2.1.2 --constraint https://raw.githubusercontent.com/apache/airflow/constraints-2.1.2/constraints-${MELTANO__PYTHON_VERSION}.txt",
  "settings": [
    {
      "name": "core.dags_folder",
      "env": "AIRFLOW__CORE__DAGS_FOLDER",
      "value": "$MELTANO_PROJECT_ROOT/orchestrate/dags",
      "label": "DAGs Folder"
    },
    {
      "name": "core.plugins_folder",
      "env": "AIRFLOW__CORE__PLUGINS_FOLDER",
      "value": "$MELTANO_PROJECT_ROOT/orchestrate/plugins",
      "label": "Plugins Folder"
    },
    {
      "name": "core.sql_alchemy_conn",
      "env": "AIRFLOW__CORE__SQL_ALCHEMY_CONN",
      "value": "sqlite:///$MELTANO_PROJECT_ROOT/.meltano/orchestrators/airflow/airflow.db",
      "label": "SQL Alchemy Connection"
    },
    {
      "name": "core.load_examples",
      "env": "AIRFLOW__CORE__LOAD_EXAMPLES",
      "value": false,
      "label": "Load Examples"
    },
    {
      "name": "core.dags_are_paused_at_creation",
      "env": "AIRFLOW__CORE__DAGS_ARE_PAUSED_AT_CREATION",
      "value": false,
      "label": "Pause DAGs at Creation"
    },
    {
      "name": "webserver.web_server_port",
      "env": "AIRFLOW__WEBSERVER__WEB_SERVER_PORT",
      "value": 8080,
      "label": "Webserver Port"
    }
  ],
  "commands": {
    "create-admin": {
      "args": "users create --username admin --firstname FIRST_NAME --lastname LAST_NAME --role Admin --email admin@example.org",
      "description": "Create an admin user."
    },
    "ui": {
      "args": "webserver",
      "description": "Start the Airflow webserver."
    }
  },
  "requires": {
    "files": [
      {
        "name": "files-airflow",
        "variant": "meltano"
      }
    ]
  }
}